
Microsoft Visual Studio Solution File, Format Version 12.00
# Visual Studio Version 16
VisualStudioVersion = 16.0.30717.126
MinimumVisualStudioVersion = 10.0.40219.1
Project("{9A19103F-16F7-4668-BE54-9A1E7A4F7556}") = "DND.EFCoreWithNoLock", "DND.EFCoreWithNoLock\DND.EFCoreWithNoLock.csproj", "{99EA63D5-E6C8-40DC-B5A4-20410376FCAD}"
EndProject
Global
	GlobalSection(SolutionConfigurationPlatforms) = preSolution
		Debug|Any CPU = Debug|Any CPU
		Release|Any CPU = Release|Any CPU
	EndGlobalSection
	GlobalSection(ProjectConfigurationPlatforms) = postSolution
		{99EA63D5-E6C8-40DC-B5A4-20410376FCAD}.Debug|Any CPU.ActiveCfg = Debug|Any CPU
		{99EA63D5-E6C8-40DC-B5A4-20410376FCAD}.Debug|Any CPU.Build.0 = Debug|Any CPU
		{99EA63D5-E6C8-40DC-B5A4-20410376FCAD}.Release|Any CPU.ActiveCfg = Release|Any CPU
		{99EA63D5-E6C8-40DC-B5A4-20410376FCAD}.Release|Any CPU.Build.0 = Release|Any CPU
	EndGlobalSection
	GlobalSection(SolutionProperties) = preSolution
		HideSolutionNode = FALSE
	EndGlobalSection
	GlobalSection(ExtensibilityGlobals) = postSolution
		SolutionGuid = {2BD820AB-44D9-4217-86F9-05FB44D5D780}
	EndGlobalSection
EndGlobal
